
Microsoft Visual Studio Solution File, Format Version 12.00
# Visual Studio Version 17
VisualStudioVersion = 17.8.34511.84
MinimumVisualStudioVersion = 10.0.40219.1
Project("{FAE04EC0-301F-11D3-BF4B-00C04F79EFBC}") = "ChessApp", "ChessApp\ChessApp.csproj", "{B6FC7743-548E-4EA4-BE56-6B26254D5619}"
EndProject
Global
	GlobalSection(SolutionConfigurationPlatforms) = preSolution
		Debug|Any CPU = Debug|Any CPU
		Release|Any CPU = Release|Any CPU
	EndGlobalSection
	GlobalSection(ProjectConfigurationPlatforms) = postSolution
		{B6FC7743-548E-4EA4-BE56-6B26254D5619}.Debug|Any CPU.ActiveCfg = Debug|Any CPU
		{B6FC7743-548E-4EA4-BE56-6B26254D5619}.Debug|Any CPU.Build.0 = Debug|Any CPU
		{B6FC7743-548E-4EA4-BE56-6B26254D5619}.Release|Any CPU.ActiveCfg = Release|Any CPU
		{B6FC7743-548E-4EA4-BE56-6B26254D5619}.Release|Any CPU.Build.0 = Release|Any CPU
	EndGlobalSection
	GlobalSection(SolutionProperties) = preSolution
		HideSolutionNode = FALSE
	EndGlobalSection
	GlobalSection(ExtensibilityGlobals) = postSolution
		SolutionGuid = {657A9F5F-D7F3-4A38-844F-8B0CC70AC993}
	EndGlobalSection
EndGlobal
